
Microsoft Visual Studio Solution File, Format Version 12.00
# Visual Studio Version 16
VisualStudioVersion = 16.0.31205.134
MinimumVisualStudioVersion = 10.0.40219.1
Project("{9A19103F-16F7-4668-BE54-9A1E7A4F7556}") = "Exceptions.Tests", "Exceptions.Tests\Exceptions.Tests.csproj", "{4D089BBD-FB38-4262-B2E2-4EA51669098C}"
EndProject
Project("{9A19103F-16F7-4668-BE54-9A1E7A4F7556}") = "Exceptions", "Exceptions\Exceptions.csproj", "{B162080B-5C06-4633-A9A8-B56618DA14ED}"
EndProject
Project("{2150E333-8FDC-42A3-9474-1A3956D46DE8}") = "Solution Items", "Solution Items", "{CED606CB-B84B-4547-9DCF-56A7E59AA50D}"
	ProjectSection(SolutionItems) = preProject
		.editorconfig = .editorconfig
	EndProjectSection
EndProject
Global
	GlobalSection(SolutionConfigurationPlatforms) = preSolution
		Debug|Any CPU = Debug|Any CPU
		Release|Any CPU = Release|Any CPU
	EndGlobalSection
	GlobalSection(ProjectConfigurationPlatforms) = postSolution
		{4D089BBD-FB38-4262-B2E2-4EA51669098C}.Debug|Any CPU.ActiveCfg = Debug|Any CPU
		{4D089BBD-FB38-4262-B2E2-4EA51669098C}.Debug|Any CPU.Build.0 = Debug|Any CPU
		{4D089BBD-FB38-4262-B2E2-4EA51669098C}.Release|Any CPU.ActiveCfg = Release|Any CPU
		{4D089BBD-FB38-4262-B2E2-4EA51669098C}.Release|Any CPU.Build.0 = Release|Any CPU
		{B162080B-5C06-4633-A9A8-B56618DA14ED}.Debug|Any CPU.ActiveCfg = Debug|Any CPU
		{B162080B-5C06-4633-A9A8-B56618DA14ED}.Debug|Any CPU.Build.0 = Debug|Any CPU
		{B162080B-5C06-4633-A9A8-B56618DA14ED}.Release|Any CPU.ActiveCfg = Release|Any CPU
		{B162080B-5C06-4633-A9A8-B56618DA14ED}.Release|Any CPU.Build.0 = Release|Any CPU
	EndGlobalSection
	GlobalSection(SolutionProperties) = preSolution
		HideSolutionNode = FALSE
	EndGlobalSection
	GlobalSection(ExtensibilityGlobals) = postSolution
		SolutionGuid = {6E3F1812-4746-49F4-8DAC-39B2E20C4352}
	EndGlobalSection
EndGlobal
